// !$*UTF8*$!
{
	archiveVersion = 1;
	classes = {
	};
	objectVersion = 46;
	objects = {

/* Begin PBXBuildFile section */
		964755791BA35F8A009CC197 /* AppDelegate.swift in Sources */ = {isa = PBXBuildFile; fileRef = 964755781BA35F8A009CC197 /* AppDelegate.swift */; };
		9647557B1BA35F8A009CC197 /* ViewController.swift in Sources */ = {isa = PBXBuildFile; fileRef = 9647557A1BA35F8A009CC197 /* ViewController.swift */; };
		9647557E1BA35F8A009CC197 /* Main.storyboard in Resources */ = {isa = PBXBuildFile; fileRef = 9647557C1BA35F8A009CC197 /* Main.storyboard */; };
		964755801BA35F8A009CC197 /* Images.xcassets in Resources */ = {isa = PBXBuildFile; fileRef = 9647557F1BA35F8A009CC197 /* Images.xcassets */; };
		964755831BA35F8A009CC197 /* LaunchScreen.xib in Resources */ = {isa = PBXBuildFile; fileRef = 964755811BA35F8A009CC197 /* LaunchScreen.xib */; };
		9647558F1BA35F8A009CC197 /* TipsyTests.swift in Sources */ = {isa = PBXBuildFile; fileRef = 9647558E1BA35F8A009CC197 /* TipsyTests.swift */; };
/* End PBXBuildFile section */

/* Begin PBXContainerItemProxy section */
		964755891BA35F8A009CC197 /* PBXContainerItemProxy */ = {
			isa = PBXContainerItemProxy;
			containerPortal = 9647556B1BA35F8A009CC197 /* Project object */;
			proxyType = 1;
			remoteGlobalIDString = 964755721BA35F8A009CC197;
			remoteInfo = Tipsy;
		};
/* End PBXContainerItemProxy section */

/* Begin PBXFileReference section */
		964755731BA35F8A009CC197 /* Tipsy.app */ = {isa = PBXFileReference; explicitFileType = wrapper.application; includeInIndex = 0; path = Tipsy.app; sourceTree = BUILT_PRODUCTS_DIR; };
		964755771BA35F8A009CC197 /* Info.plist */ = {isa = PBXFileReference; lastKnownFileType = text.plist.xml; path = Info.plist; sourceTree = "<group>"; };
		964755781BA35F8A009CC197 /* AppDelegate.swift */ = {isa = PBXFileReference; lastKnownFileType = sourcecode.swift; path = AppDelegate.swift; sourceTree = "<group>"; };
		9647557A1BA35F8A009CC197 /* ViewController.swift */ = {isa = PBXFileReference; lastKnownFileType = sourcecode.swift; path = ViewController.swift; sourceTree = "<group>"; };
		9647557D1BA35F8A009CC197 /* Base */ = {isa = PBXFileReference; lastKnownFileType = file.storyboard; name = Base; path = Base.lproj/Main.storyboard; sourceTree = "<group>"; };
		9647557F1BA35F8A009CC197 /* Images.xcassets */ = {isa = PBXFileReference; lastKnownFileType = folder.assetcatalog; path = Images.xcassets; sourceTree = "<group>"; };
		964755821BA35F8A009CC197 /* Base */ = {isa = PBXFileReference; lastKnownFileType = file.xib; name = Base; path = Base.lproj/LaunchScreen.xib; sourceTree = "<group>"; };
		964755881BA35F8A009CC197 /* TipsyTests.xctest */ = {isa = PBXFileReference; explicitFileType = wrapper.cfbundle; includeInIndex = 0; path = TipsyTests.xctest; sourceTree = BUILT_PRODUCTS_DIR; };
		9647558D1BA35F8A009CC197 /* Info.plist */ = {isa = PBXFileReference; lastKnownFileType = text.plist.xml; path = Info.plist; sourceTree = "<group>"; };
		9647558E1BA35F8A009CC197 /* TipsyTests.swift */ = {isa = PBXFileReference; lastKnownFileType = sourcecode.swift; path = TipsyTests.swift; sourceTree = "<group>"; };
/* End PBXFileReference section */

/* Begin PBXFrameworksBuildPhase section */
		964755701BA35F8A009CC197 /* Frameworks */ = {
			isa = PBXFrameworksBuildPhase;
			buildActionMask = 2147483647;
			files = (
			);
			runOnlyForDeploymentPostprocessing = 0;
		};
		964755851BA35F8A009CC197 /* Frameworks */ = {
			isa = PBXFrameworksBuildPhase;
			buildActionMask = 2147483647;
			files = (
			);
			runOnlyForDeploymentPostprocessing = 0;
		};
/* End PBXFrameworksBuildPhase section */

/* Begin PBXGroup section */
		9647556A1BA35F8A009CC197 = {
			isa = PBXGroup;
			children = (
				964755751BA35F8A009CC197 /* Tipsy */,
				9647558B1BA35F8A009CC197 /* TipsyTests */,
				964755741BA35F8A009CC197 /* Products */,
			);
			sourceTree = "<group>";
		};
		964755741BA35F8A009CC197 /* Products */ = {
			isa = PBXGroup;
			children = (
				964755731BA35F8A009CC197 /* Tipsy.app */,
				964755881BA35F8A009CC197 /* TipsyTests.xctest */,
			);
			name = Products;
			sourceTree = "<group>";
		};
		964755751BA35F8A009CC197 /* Tipsy */ = {
			isa = PBXGroup;
			children = (
				964755781BA35F8A009CC197 /* AppDelegate.swift */,
				9647557A1BA35F8A009CC197 /* ViewController.swift */,
				9647557C1BA35F8A009CC197 /* Main.storyboard */,
				9647557F1BA35F8A009CC197 /* Images.xcassets */,
				964755811BA35F8A009CC197 /* LaunchScreen.xib */,
				964755761BA35F8A009CC197 /* Supporting Files */,
			);
			path = Tipsy;
			sourceTree = "<group>";
		};
		964755761BA35F8A009CC197 /* Supporting Files */ = {
			isa = PBXGroup;
			children = (
				964755771BA35F8A009CC197 /* Info.plist */,
			);
			name = "Supporting Files";
			sourceTree = "<group>";
		};
		9647558B1BA35F8A009CC197 /* TipsyTests */ = {
			isa = PBXGroup;
			children = (
				9647558E1BA35F8A009CC197 /* TipsyTests.swift */,
				9647558C1BA35F8A009CC197 /* Supporting Files */,
			);
			path = TipsyTests;
			sourceTree = "<group>";
		};
		9647558C1BA35F8A009CC197 /* Supporting Files */ = {
			isa = PBXGroup;
			children = (
				9647558D1BA35F8A009CC197 /* Info.plist */,
			);
			name = "Supporting Files";
			sourceTree = "<group>";
		};
/* End PBXGroup section */

/* Begin PBXNativeTarget section */
		964755721BA35F8A009CC197 /* Tipsy */ = {
			isa = PBXNativeTarget;
			buildConfigurationList = 964755921BA35F8A009CC197 /* Build configuration list for PBXNativeTarget "Tipsy" */;
			buildPhases = (
				9647556F1BA35F8A009CC197 /* Sources */,
				964755701BA35F8A009CC197 /* Frameworks */,
				964755711BA35F8A009CC197 /* Resources */,
			);
			buildRules = (
			);
			dependencies = (
			);
			name = Tipsy;
			productName = Tipsy;
			productReference = 964755731BA35F8A009CC197 /* Tipsy.app */;
			productType = "com.apple.product-type.application";
		};
		964755871BA35F8A009CC197 /* TipsyTests */ = {
			isa = PBXNativeTarget;
			buildConfigurationList = 964755951BA35F8A009CC197 /* Build configuration list for PBXNativeTarget "TipsyTests" */;
			buildPhases = (
				964755841BA35F8A009CC197 /* Sources */,
				964755851BA35F8A009CC197 /* Frameworks */,
				964755861BA35F8A009CC197 /* Resources */,
			);
			buildRules = (
			);
			dependencies = (
				9647558A1BA35F8A009CC197 /* PBXTargetDependency */,
			);
			name = TipsyTests;
			productName = TipsyTests;
			productReference = 964755881BA35F8A009CC197 /* TipsyTests.xctest */;
			productType = "com.apple.product-type.bundle.unit-test";
		};
/* End PBXNativeTarget section */

/* Begin PBXProject section */
		9647556B1BA35F8A009CC197 /* Project object */ = {
			isa = PBXProject;
			attributes = {
				LastUpgradeCheck = 0640;
				ORGANIZATIONNAME = "Kevin Kirkhoff";
				TargetAttributes = {
					964755721BA35F8A009CC197 = {
						CreatedOnToolsVersion = 6.4;
						DevelopmentTeam = VHYVYEQN52;
					};
					964755871BA35F8A009CC197 = {
						CreatedOnToolsVersion = 6.4;
						TestTargetID = 964755721BA35F8A009CC197;
					};
				};
			};
			buildConfigurationList = 9647556E1BA35F8A009CC197 /* Build configuration list for PBXProject "Tipsy" */;
			compatibilityVersion = "Xcode 3.2";
			developmentRegion = English;
			hasScannedForEncodings = 0;
			knownRegions = (
				en,
				Base,
			);
			mainGroup = 9647556A1BA35F8A009CC197;
			productRefGroup = 964755741BA35F8A009CC197 /* Products */;
			projectDirPath = "";
			projectRoot = "";
			targets = (
				964755721BA35F8A009CC197 /* Tipsy */,
				964755871BA35F8A009CC197 /* TipsyTests */,
			);
		};
/* End PBXProject section */

/* Begin PBXResourcesBuildPhase section */
		964755711BA35F8A009CC197 /* Resources */ = {
			isa = PBXResourcesBuildPhase;
			buildActionMask = 2147483647;
			files = (
				9647557E1BA35F8A009CC197 /* Main.storyboard in Resources */,
				964755831BA35F8A009CC197 /* LaunchScreen.xib in Resources */,
				964755801BA35F8A009CC197 /* Images.xcassets in Resources */,
			);
			runOnlyForDeploymentPostprocessing = 0;
		};
		964755861BA35F8A009CC197 /* Resources */ = {
			isa = PBXResourcesBuildPhase;
			buildActionMask = 2147483647;
			files = (
			);
			runOnlyForDeploymentPostprocessing = 0;
		};
/* End PBXResourcesBuildPhase section */

/* Begin PBXSourcesBuildPhase section */
		9647556F1BA35F8A009CC197 /* Sources */ = {
			isa = PBXSourcesBuildPhase;
			buildActionMask = 2147483647;
			files = (
				9647557B1BA35F8A009CC197 /* ViewController.swift in Sources */,
				964755791BA35F8A009CC197 /* AppDelegate.swift in Sources */,
			);
			runOnlyForDeploymentPostprocessing = 0;
		};
		964755841BA35F8A009CC197 /* Sources */ = {
			isa = PBXSourcesBuildPhase;
			buildActionMask = 2147483647;
			files = (
				9647558F1BA35F8A009CC197 /* TipsyTests.swift in Sources */,
			);
			runOnlyForDeploymentPostprocessing = 0;
		};
/* End PBXSourcesBuildPhase section */

/* Begin PBXTargetDependency section */
		9647558A1BA35F8A009CC197 /* PBXTargetDependency */ = {
			isa = PBXTargetDependency;
			target = 964755721BA35F8A009CC197 /* Tipsy */;
			targetProxy = 964755891BA35F8A009CC197 /* PBXContainerItemProxy */;
		};
/* End PBXTargetDependency section */

/* Begin PBXVariantGroup section */
		9647557C1BA35F8A009CC197 /* Main.storyboard */ = {
			isa = PBXVariantGroup;
			children = (
				9647557D1BA35F8A009CC197 /* Base */,
			);
			name = Main.storyboard;
			sourceTree = "<group>";
		};
		964755811BA35F8A009CC197 /* LaunchScreen.xib */ = {
			isa = PBXVariantGroup;
			children = (
				964755821BA35F8A009CC197 /* Base */,
			);
			name = LaunchScreen.xib;
			sourceTree = "<group>";
		};
/* End PBXVariantGroup section */

/* Begin XCBuildConfiguration section */
		964755901BA35F8A009CC197 /* Debug */ = {
			isa = XCBuildConfiguration;
			buildSettings = {
				ALWAYS_SEARCH_USER_PATHS = NO;
				CLANG_CXX_LANGUAGE_STANDARD = "gnu++0x";
				CLANG_CXX_LIBRARY = "libc++";
				CLANG_ENABLE_MODULES = YES;
				CLANG_ENABLE_OBJC_ARC = YES;
				CLANG_WARN_BOOL_CONVERSION = YES;
				CLANG_WARN_CONSTANT_CONVERSION = YES;
				CLANG_WARN_DIRECT_OBJC_ISA_USAGE = YES_ERROR;
				CLANG_WARN_EMPTY_BODY = YES;
				CLANG_WARN_ENUM_CONVERSION = YES;
				CLANG_WARN_INT_CONVERSION = YES;
				CLANG_WARN_OBJC_ROOT_CLASS = YES_ERROR;
				CLANG_WARN_UNREACHABLE_CODE = YES;
				CLANG_WARN__DUPLICATE_METHOD_MATCH = YES;
				"CODE_SIGN_IDENTITY[sdk=iphoneos*]" = "iPhone Developer";
				COPY_PHASE_STRIP = NO;
				DEBUG_INFORMATION_FORMAT = "dwarf-with-dsym";
				ENABLE_STRICT_OBJC_MSGSEND = YES;
				GCC_C_LANGUAGE_STANDARD = gnu99;
				GCC_DYNAMIC_NO_PIC = NO;
				GCC_NO_COMMON_BLOCKS = YES;
				GCC_OPTIMIZATION_LEVEL = 0;
				GCC_PREPROCESSOR_DEFINITIONS = (
					"DEBUG=1",
					"$(inherited)",
				);
				GCC_SYMBOLS_PRIVATE_EXTERN = NO;
				GCC_WARN_64_TO_32_BIT_CONVERSION = YES;
				GCC_WARN_ABOUT_RETURN_TYPE = YES_ERROR;
				GCC_WARN_UNDECLARED_SELECTOR = YES;
				GCC_WARN_UNINITIALIZED_AUTOS = YES_AGGRESSIVE;
				GCC_WARN_UNUSED_FUNCTION = YES;
				GCC_WARN_UNUSED_VARIABLE = YES;
				IPHONEOS_DEPLOYMENT_TARGET = 8.4;
				MTL_ENABLE_DEBUG_INFO = YES;
				ONLY_ACTIVE_ARCH = YES;
				SDKROOT = iphoneos;
				SWIFT_OPTIMIZATION_LEVEL = "-Onone";
			};
			name = Debug;
		};
		964755911BA35F8A009CC197 /* Release */ = {
			isa = XCBuildConfiguration;
			buildSettings = {
				ALWAYS_SEARCH_USER_PATHS = NO;
				CLANG_CXX_LANGUAGE_STANDARD = "gnu++0x";
				CLANG_CXX_LIBRARY = "libc++";
				CLANG_ENABLE_MODULES = YES;
				CLANG_ENABLE_OBJC_ARC = YES;
				CLANG_WARN_BOOL_CONVERSION = YES;
				CLANG_WARN_CONSTANT_CONVERSION = YES;
				CLANG_WARN_DIRECT_OBJC_ISA_USAGE = YES_ERROR;
				CLANG_WARN_EMPTY_BODY = YES;
				CLANG_WARN_ENUM_CONVERSION = YES;
				CLANG_WARN_INT_CONVERSION = YES;
				CLANG_WARN_OBJC_ROOT_CLASS = YES_ERROR;
				CLANG_WARN_UNREACHABLE_CODE = YES;
				CLANG_WARN__DUPLICATE_METHOD_MATCH = YES;
				"CODE_SIGN_IDENTITY[sdk=iphoneos*]" = "iPhone Developer";
				COPY_PHASE_STRIP = NO;
				DEBUG_INFORMATION_FORMAT = "dwarf-with-dsym";
				ENABLE_NS_ASSERTIONS = NO;
				ENABLE_STRICT_OBJC_MSGSEND = YES;
				GCC_C_LANGUAGE_STANDARD = gnu99;
				GCC_NO_COMMON_BLOCKS = YES;
				GCC_WARN_64_TO_32_BIT_CONVERSION = YES;
				GCC_WARN_ABOUT_RETURN_TYPE = YES_ERROR;
				GCC_WARN_UNDECLARED_SELECTOR = YES;
				GCC_WARN_UNINITIALIZED_AUTOS = YES_AGGRESSIVE;
				GCC_WARN_UNUSED_FUNCTION = YES;
				GCC_WARN_UNUSED_VARIABLE = YES;
				IPHONEOS_DEPLOYMENT_TARGET = 8.4;
				MTL_ENABLE_DEBUG_INFO = NO;
				SDKROOT = iphoneos;
				VALIDATE_PRODUCT = YES;
			};
			name = Release;
		};
		964755931BA35F8A009CC197 /* Debug */ = {
			isa = XCBuildConfiguration;
			buildSettings = {
				ASSETCATALOG_COMPILER_APPICON_NAME = AppIcon;
				CODE_SIGN_IDENTITY = "iPhone Developer";
				INFOPLIST_FILE = Tipsy/Info.plist;
				LD_RUNPATH_SEARCH_PATHS = "$(inherited) @executable_path/Frameworks";
				PRODUCT_NAME = "$(TARGET_NAME)";
			};
			name = Debug;
		};
		964755941BA35F8A009CC197 /* Release */ = {
			isa = XCBuildConfiguration;
			buildSettings = {
				ASSETCATALOG_COMPILER_APPICON_NAME = AppIcon;
				CODE_SIGN_IDENTITY = "iPhone Developer";
				INFOPLIST_FILE = Tipsy/Info.plist;
				LD_RUNPATH_SEARCH_PATHS = "$(inherited) @executable_path/Frameworks";
				PRODUCT_NAME = "$(TARGET_NAME)";
			};
			name = Release;
		};
		964755961BA35F8A009CC197 /* Debug */ = {
			isa = XCBuildConfiguration;
			buildSettings = {
				BUNDLE_LOADER = "$(TEST_HOST)";
				FRAMEWORK_SEARCH_PATHS = (
					"$(SDKROOT)/Developer/Library/Frameworks",
					"$(inherited)",
				);
				GCC_PREPROCESSOR_DEFINITIONS = (
					"DEBUG=1",
					"$(inherited)",
				);
				INFOPLIST_FILE = TipsyTests/Info.plist;
				LD_RUNPATH_SEARCH_PATHS = "$(inherited) @executable_path/Frameworks @loader_path/Frameworks";
				PRODUCT_NAME = "$(TARGET_NAME)";
				TEST_HOST = "$(BUILT_PRODUCTS_DIR)/Tipsy.app/Tipsy";
			};
			name = Debug;
		};
		964755971BA35F8A009CC197 /* Release */ = {
			isa = XCBuildConfiguration;
			buildSettings = {
				BUNDLE_LOADER = "$(TEST_HOST)";
				FRAMEWORK_SEARCH_PATHS = (
					"$(SDKROOT)/Developer/Library/Frameworks",
					"$(inherited)",
				);
				INFOPLIST_FILE = TipsyTests/Info.plist;
				LD_RUNPATH_SEARCH_PATHS = "$(inherited) @executable_path/Frameworks @loader_path/Frameworks";
				PRODUCT_NAME = "$(TARGET_NAME)";
				TEST_HOST = "$(BUILT_PRODUCTS_DIR)/Tipsy.app/Tipsy";
			};
			name = Release;
		};
/* End XCBuildConfiguration section */

/* Begin XCConfigurationList section */
		9647556E1BA35F8A009CC197 /* Build configuration list for PBXProject "Tipsy" */ = {
			isa = XCConfigurationList;
			buildConfigurations = (
				964755901BA35F8A009CC197 /* Debug */,
				964755911BA35F8A009CC197 /* Release */,
			);
			defaultConfigurationIsVisible = 0;
			defaultConfigurationName = Release;
		};
		964755921BA35F8A009CC197 /* Build configuration list for PBXNativeTarget "Tipsy" */ = {
			isa = XCConfigurationList;
			buildConfigurations = (
				964755931BA35F8A009CC197 /* Debug */,
				964755941BA35F8A009CC197 /* Release */,
			);
			defaultConfigurationIsVisible = 0;
		};
		964755951BA35F8A009CC197 /* Build configuration list for PBXNativeTarget "TipsyTests" */ = {
			isa = XCConfigurationList;
			buildConfigurations = (
				964755961BA35F8A009CC197 /* Debug */,
				964755971BA35F8A009CC197 /* Release */,
			);
			defaultConfigurationIsVisible = 0;
		};
/* End XCConfigurationList section */
	};
	rootObject = 9647556B1BA35F8A009CC197 /* Project object */;
}
